// !$*UTF8*$!
{
	archiveVersion = 1;
	classes = {
	};
	objectVersion = 46;
	objects = {

/* Begin PBXBuildFile section */
		90E7F0C71D9B9FEE001C9865 /* AppDelegate.swift in Sources */ = {isa = PBXBuildFile; fileRef = 90E7F0C61D9B9FEE001C9865 /* AppDelegate.swift */; };
		90E7F0C91D9B9FEE001C9865 /* ViewController.swift in Sources */ = {isa = PBXBuildFile; fileRef = 90E7F0C81D9B9FEE001C9865 /* ViewController.swift */; };
		90E7F0CC1D9B9FEE001C9865 /* Main.storyboard in Resources */ = {isa = PBXBuildFile; fileRef = 90E7F0CA1D9B9FEE001C9865 /* Main.storyboard */; };
		90E7F0CF1D9B9FEE001C9865 /* PitchPerfect.xcdatamodeld in Sources */ = {isa = PBXBuildFile; fileRef = 90E7F0CD1D9B9FEE001C9865 /* PitchPerfect.xcdatamodeld */; };
		90E7F0D11D9B9FEE001C9865 /* Assets.xcassets in Resources */ = {isa = PBXBuildFile; fileRef = 90E7F0D01D9B9FEE001C9865 /* Assets.xcassets */; };
		90E7F0D41D9B9FEE001C9865 /* LaunchScreen.storyboard in Resources */ = {isa = PBXBuildFile; fileRef = 90E7F0D21D9B9FEE001C9865 /* LaunchScreen.storyboard */; };
		90E7F0DF1D9B9FEE001C9865 /* PitchPerfectTests.swift in Sources */ = {isa = PBXBuildFile; fileRef = 90E7F0DE1D9B9FEE001C9865 /* PitchPerfectTests.swift */; };
		90E7F0EA1D9B9FEE001C9865 /* PitchPerfectUITests.swift in Sources */ = {isa = PBXBuildFile; fileRef = 90E7F0E91D9B9FEE001C9865 /* PitchPerfectUITests.swift */; };
/* End PBXBuildFile section */

/* Begin PBXContainerItemProxy section */
		90E7F0DB1D9B9FEE001C9865 /* PBXContainerItemProxy */ = {
			isa = PBXContainerItemProxy;
			containerPortal = 90E7F0BB1D9B9FEE001C9865 /* Project object */;
			proxyType = 1;
			remoteGlobalIDString = 90E7F0C21D9B9FEE001C9865;
			remoteInfo = PitchPerfect;
		};
		90E7F0E61D9B9FEE001C9865 /* PBXContainerItemProxy */ = {
			isa = PBXContainerItemProxy;
			containerPortal = 90E7F0BB1D9B9FEE001C9865 /* Project object */;
			proxyType = 1;
			remoteGlobalIDString = 90E7F0C21D9B9FEE001C9865;
			remoteInfo = PitchPerfect;
		};
/* End PBXContainerItemProxy section */

/* Begin PBXFileReference section */
		90E7F0C31D9B9FEE001C9865 /* PitchPerfect.app */ = {isa = PBXFileReference; explicitFileType = wrapper.application; includeInIndex = 0; path = PitchPerfect.app; sourceTree = BUILT_PRODUCTS_DIR; };
		90E7F0C61D9B9FEE001C9865 /* AppDelegate.swift */ = {isa = PBXFileReference; lastKnownFileType = sourcecode.swift; path = AppDelegate.swift; sourceTree = "<group>"; };
		90E7F0C81D9B9FEE001C9865 /* ViewController.swift */ = {isa = PBXFileReference; lastKnownFileType = sourcecode.swift; path = ViewController.swift; sourceTree = "<group>"; };
		90E7F0CB1D9B9FEE001C9865 /* Base */ = {isa = PBXFileReference; lastKnownFileType = file.storyboard; name = Base; path = Base.lproj/Main.storyboard; sourceTree = "<group>"; };
		90E7F0CE1D9B9FEE001C9865 /* PitchPerfect.xcdatamodel */ = {isa = PBXFileReference; lastKnownFileType = wrapper.xcdatamodel; path = PitchPerfect.xcdatamodel; sourceTree = "<group>"; };
		90E7F0D01D9B9FEE001C9865 /* Assets.xcassets */ = {isa = PBXFileReference; lastKnownFileType = folder.assetcatalog; path = Assets.xcassets; sourceTree = "<group>"; };
		90E7F0D31D9B9FEE001C9865 /* Base */ = {isa = PBXFileReference; lastKnownFileType = file.storyboard; name = Base; path = Base.lproj/LaunchScreen.storyboard; sourceTree = "<group>"; };
		90E7F0D51D9B9FEE001C9865 /* Info.plist */ = {isa = PBXFileReference; lastKnownFileType = text.plist.xml; path = Info.plist; sourceTree = "<group>"; };
		90E7F0DA1D9B9FEE001C9865 /* PitchPerfectTests.xctest */ = {isa = PBXFileReference; explicitFileType = wrapper.cfbundle; includeInIndex = 0; path = PitchPerfectTests.xctest; sourceTree = BUILT_PRODUCTS_DIR; };
		90E7F0DE1D9B9FEE001C9865 /* PitchPerfectTests.swift */ = {isa = PBXFileReference; lastKnownFileType = sourcecode.swift; path = PitchPerfectTests.swift; sourceTree = "<group>"; };
		90E7F0E01D9B9FEE001C9865 /* Info.plist */ = {isa = PBXFileReference; lastKnownFileType = text.plist.xml; path = Info.plist; sourceTree = "<group>"; };
		90E7F0E51D9B9FEE001C9865 /* PitchPerfectUITests.xctest */ = {isa = PBXFileReference; explicitFileType = wrapper.cfbundle; includeInIndex = 0; path = PitchPerfectUITests.xctest; sourceTree = BUILT_PRODUCTS_DIR; };
		90E7F0E91D9B9FEE001C9865 /* PitchPerfectUITests.swift */ = {isa = PBXFileReference; lastKnownFileType = sourcecode.swift; path = PitchPerfectUITests.swift; sourceTree = "<group>"; };
		90E7F0EB1D9B9FEE001C9865 /* Info.plist */ = {isa = PBXFileReference; lastKnownFileType = text.plist.xml; path = Info.plist; sourceTree = "<group>"; };
/* End PBXFileReference section */

/* Begin PBXFrameworksBuildPhase section */
		90E7F0C01D9B9FEE001C9865 /* Frameworks */ = {
			isa = PBXFrameworksBuildPhase;
			buildActionMask = 2147483647;
			files = (
			);
			runOnlyForDeploymentPostprocessing = 0;
		};
		90E7F0D71D9B9FEE001C9865 /* Frameworks */ = {
			isa = PBXFrameworksBuildPhase;
			buildActionMask = 2147483647;
			files = (
			);
			runOnlyForDeploymentPostprocessing = 0;
		};
		90E7F0E21D9B9FEE001C9865 /* Frameworks */ = {
			isa = PBXFrameworksBuildPhase;
			buildActionMask = 2147483647;
			files = (
			);
			runOnlyForDeploymentPostprocessing = 0;
		};
/* End PBXFrameworksBuildPhase section */

/* Begin PBXGroup section */
		90E7F0BA1D9B9FED001C9865 = {
			isa = PBXGroup;
			children = (
				90E7F0C51D9B9FEE001C9865 /* PitchPerfect */,
				90E7F0DD1D9B9FEE001C9865 /* PitchPerfectTests */,
				90E7F0E81D9B9FEE001C9865 /* PitchPerfectUITests */,
				90E7F0C41D9B9FEE001C9865 /* Products */,
			);
			sourceTree = "<group>";
		};
		90E7F0C41D9B9FEE001C9865 /* Products */ = {
			isa = PBXGroup;
			children = (
				90E7F0C31D9B9FEE001C9865 /* PitchPerfect.app */,
				90E7F0DA1D9B9FEE001C9865 /* PitchPerfectTests.xctest */,
				90E7F0E51D9B9FEE001C9865 /* PitchPerfectUITests.xctest */,
			);
			name = Products;
			sourceTree = "<group>";
		};
		90E7F0C51D9B9FEE001C9865 /* PitchPerfect */ = {
			isa = PBXGroup;
			children = (
				90E7F0C61D9B9FEE001C9865 /* AppDelegate.swift */,
				90E7F0C81D9B9FEE001C9865 /* ViewController.swift */,
				90E7F0CA1D9B9FEE001C9865 /* Main.storyboard */,
				90E7F0D01D9B9FEE001C9865 /* Assets.xcassets */,
				90E7F0D21D9B9FEE001C9865 /* LaunchScreen.storyboard */,
				90E7F0D51D9B9FEE001C9865 /* Info.plist */,
				90E7F0CD1D9B9FEE001C9865 /* PitchPerfect.xcdatamodeld */,
			);
			path = PitchPerfect;
			sourceTree = "<group>";
		};
		90E7F0DD1D9B9FEE001C9865 /* PitchPerfectTests */ = {
			isa = PBXGroup;
			children = (
				90E7F0DE1D9B9FEE001C9865 /* PitchPerfectTests.swift */,
				90E7F0E01D9B9FEE001C9865 /* Info.plist */,
			);
			path = PitchPerfectTests;
			sourceTree = "<group>";
		};
		90E7F0E81D9B9FEE001C9865 /* PitchPerfectUITests */ = {
			isa = PBXGroup;
			children = (
				90E7F0E91D9B9FEE001C9865 /* PitchPerfectUITests.swift */,
				90E7F0EB1D9B9FEE001C9865 /* Info.plist */,
			);
			path = PitchPerfectUITests;
			sourceTree = "<group>";
		};
/* End PBXGroup section */

/* Begin PBXNativeTarget section */
		90E7F0C21D9B9FEE001C9865 /* PitchPerfect */ = {
			isa = PBXNativeTarget;
			buildConfigurationList = 90E7F0EE1D9B9FEE001C9865 /* Build configuration list for PBXNativeTarget "PitchPerfect" */;
			buildPhases = (
				90E7F0BF1D9B9FEE001C9865 /* Sources */,
				90E7F0C01D9B9FEE001C9865 /* Frameworks */,
				90E7F0C11D9B9FEE001C9865 /* Resources */,
			);
			buildRules = (
			);
			dependencies = (
			);
			name = PitchPerfect;
			productName = PitchPerfect;
			productReference = 90E7F0C31D9B9FEE001C9865 /* PitchPerfect.app */;
			productType = "com.apple.product-type.application";
		};
		90E7F0D91D9B9FEE001C9865 /* PitchPerfectTests */ = {
			isa = PBXNativeTarget;
			buildConfigurationList = 90E7F0F11D9B9FEE001C9865 /* Build configuration list for PBXNativeTarget "PitchPerfectTests" */;
			buildPhases = (
				90E7F0D61D9B9FEE001C9865 /* Sources */,
				90E7F0D71D9B9FEE001C9865 /* Frameworks */,
				90E7F0D81D9B9FEE001C9865 /* Resources */,
			);
			buildRules = (
			);
			dependencies = (
				90E7F0DC1D9B9FEE001C9865 /* PBXTargetDependency */,
			);
			name = PitchPerfectTests;
			productName = PitchPerfectTests;
			productReference = 90E7F0DA1D9B9FEE001C9865 /* PitchPerfectTests.xctest */;
			productType = "com.apple.product-type.bundle.unit-test";
		};
		90E7F0E41D9B9FEE001C9865 /* PitchPerfectUITests */ = {
			isa = PBXNativeTarget;
			buildConfigurationList = 90E7F0F41D9B9FEE001C9865 /* Build configuration list for PBXNativeTarget "PitchPerfectUITests" */;
			buildPhases = (
				90E7F0E11D9B9FEE001C9865 /* Sources */,
				90E7F0E21D9B9FEE001C9865 /* Frameworks */,
				90E7F0E31D9B9FEE001C9865 /* Resources */,
			);
			buildRules = (
			);
			dependencies = (
				90E7F0E71D9B9FEE001C9865 /* PBXTargetDependency */,
			);
			name = PitchPerfectUITests;
			productName = PitchPerfectUITests;
			productReference = 90E7F0E51D9B9FEE001C9865 /* PitchPerfectUITests.xctest */;
			productType = "com.apple.product-type.bundle.ui-testing";
		};
/* End PBXNativeTarget section */

/* Begin PBXProject section */
		90E7F0BB1D9B9FEE001C9865 /* Project object */ = {
			isa = PBXProject;
			attributes = {
				LastSwiftUpdateCheck = 0730;
				LastUpgradeCheck = 0730;
				ORGANIZATIONNAME = nwmissourinwmissouri;
				TargetAttributes = {
					90E7F0C21D9B9FEE001C9865 = {
						CreatedOnToolsVersion = 7.3.1;
					};
					90E7F0D91D9B9FEE001C9865 = {
						CreatedOnToolsVersion = 7.3.1;
						TestTargetID = 90E7F0C21D9B9FEE001C9865;
					};
					90E7F0E41D9B9FEE001C9865 = {
						CreatedOnToolsVersion = 7.3.1;
						TestTargetID = 90E7F0C21D9B9FEE001C9865;
					};
				};
			};
			buildConfigurationList = 90E7F0BE1D9B9FEE001C9865 /* Build configuration list for PBXProject "PitchPerfect" */;
			compatibilityVersion = "Xcode 3.2";
			developmentRegion = English;
			hasScannedForEncodings = 0;
			knownRegions = (
				en,
				Base,
			);
			mainGroup = 90E7F0BA1D9B9FED001C9865;
			productRefGroup = 90E7F0C41D9B9FEE001C9865 /* Products */;
			projectDirPath = "";
			projectRoot = "";
			targets = (
				90E7F0C21D9B9FEE001C9865 /* PitchPerfect */,
				90E7F0D91D9B9FEE001C9865 /* PitchPerfectTests */,
				90E7F0E41D9B9FEE001C9865 /* PitchPerfectUITests */,
			);
		};
/* End PBXProject section */

/* Begin PBXResourcesBuildPhase section */
		90E7F0C11D9B9FEE001C9865 /* Resources */ = {
			isa = PBXResourcesBuildPhase;
			buildActionMask = 2147483647;
			files = (
				90E7F0D41D9B9FEE001C9865 /* LaunchScreen.storyboard in Resources */,
				90E7F0D11D9B9FEE001C9865 /* Assets.xcassets in Resources */,
				90E7F0CC1D9B9FEE001C9865 /* Main.storyboard in Resources */,
			);
			runOnlyForDeploymentPostprocessing = 0;
		};
		90E7F0D81D9B9FEE001C9865 /* Resources */ = {
			isa = PBXResourcesBuildPhase;
			buildActionMask = 2147483647;
			files = (
			);
			runOnlyForDeploymentPostprocessing = 0;
		};
		90E7F0E31D9B9FEE001C9865 /* Resources */ = {
			isa = PBXResourcesBuildPhase;
			buildActionMask = 2147483647;
			files = (
			);
			runOnlyForDeploymentPostprocessing = 0;
		};
/* End PBXResourcesBuildPhase section */

/* Begin PBXSourcesBuildPhase section */
		90E7F0BF1D9B9FEE001C9865 /* Sources */ = {
			isa = PBXSourcesBuildPhase;
			buildActionMask = 2147483647;
			files = (
				90E7F0C91D9B9FEE001C9865 /* ViewController.swift in Sources */,
				90E7F0CF1D9B9FEE001C9865 /* PitchPerfect.xcdatamodeld in Sources */,
				90E7F0C71D9B9FEE001C9865 /* AppDelegate.swift in Sources */,
			);
			runOnlyForDeploymentPostprocessing = 0;
		};
		90E7F0D61D9B9FEE001C9865 /* Sources */ = {
			isa = PBXSourcesBuildPhase;
			buildActionMask = 2147483647;
			files = (
				90E7F0DF1D9B9FEE001C9865 /* PitchPerfectTests.swift in Sources */,
			);
			runOnlyForDeploymentPostprocessing = 0;
		};
		90E7F0E11D9B9FEE001C9865 /* Sources */ = {
			isa = PBXSourcesBuildPhase;
			buildActionMask = 2147483647;
			files = (
				90E7F0EA1D9B9FEE001C9865 /* PitchPerfectUITests.swift in Sources */,
			);
			runOnlyForDeploymentPostprocessing = 0;
		};
/* End PBXSourcesBuildPhase section */

/* Begin PBXTargetDependency section */
		90E7F0DC1D9B9FEE001C9865 /* PBXTargetDependency */ = {
			isa = PBXTargetDependency;
			target = 90E7F0C21D9B9FEE001C9865 /* PitchPerfect */;
			targetProxy = 90E7F0DB1D9B9FEE001C9865 /* PBXContainerItemProxy */;
		};
		90E7F0E71D9B9FEE001C9865 /* PBXTargetDependency */ = {
			isa = PBXTargetDependency;
			target = 90E7F0C21D9B9FEE001C9865 /* PitchPerfect */;
			targetProxy = 90E7F0E61D9B9FEE001C9865 /* PBXContainerItemProxy */;
		};
/* End PBXTargetDependency section */

/* Begin PBXVariantGroup section */
		90E7F0CA1D9B9FEE001C9865 /* Main.storyboard */ = {
			isa = PBXVariantGroup;
			children = (
				90E7F0CB1D9B9FEE001C9865 /* Base */,
			);
			name = Main.storyboard;
			sourceTree = "<group>";
		};
		90E7F0D21D9B9FEE001C9865 /* LaunchScreen.storyboard */ = {
			isa = PBXVariantGroup;
			children = (
				90E7F0D31D9B9FEE001C9865 /* Base */,
			);
			name = LaunchScreen.storyboard;
			sourceTree = "<group>";
		};
/* End PBXVariantGroup section */

/* Begin XCBuildConfiguration section */
		90E7F0EC1D9B9FEE001C9865 /* Debug */ = {
			isa = XCBuildConfiguration;
			buildSettings = {
				ALWAYS_SEARCH_USER_PATHS = NO;
				CLANG_ANALYZER_NONNULL = YES;
				CLANG_CXX_LANGUAGE_STANDARD = "gnu++0x";
				CLANG_CXX_LIBRARY = "libc++";
				CLANG_ENABLE_MODULES = YES;
				CLANG_ENABLE_OBJC_ARC = YES;
				CLANG_WARN_BOOL_CONVERSION = YES;
				CLANG_WARN_CONSTANT_CONVERSION = YES;
				CLANG_WARN_DIRECT_OBJC_ISA_USAGE = YES_ERROR;
				CLANG_WARN_EMPTY_BODY = YES;
				CLANG_WARN_ENUM_CONVERSION = YES;
				CLANG_WARN_INT_CONVERSION = YES;
				CLANG_WARN_OBJC_ROOT_CLASS = YES_ERROR;
				CLANG_WARN_UNREACHABLE_CODE = YES;
				CLANG_WARN__DUPLICATE_METHOD_MATCH = YES;
				"CODE_SIGN_IDENTITY[sdk=iphoneos*]" = "iPhone Developer";
				COPY_PHASE_STRIP = NO;
				DEBUG_INFORMATION_FORMAT = dwarf;
				ENABLE_STRICT_OBJC_MSGSEND = YES;
				ENABLE_TESTABILITY = YES;
				GCC_C_LANGUAGE_STANDARD = gnu99;
				GCC_DYNAMIC_NO_PIC = NO;
				GCC_NO_COMMON_BLOCKS = YES;
				GCC_OPTIMIZATION_LEVEL = 0;
				GCC_PREPROCESSOR_DEFINITIONS = (
					"DEBUG=1",
					"$(inherited)",
				);
				GCC_WARN_64_TO_32_BIT_CONVERSION = YES;
				GCC_WARN_ABOUT_RETURN_TYPE = YES_ERROR;
				GCC_WARN_UNDECLARED_SELECTOR = YES;
				GCC_WARN_UNINITIALIZED_AUTOS = YES_AGGRESSIVE;
				GCC_WARN_UNUSED_FUNCTION = YES;
				GCC_WARN_UNUSED_VARIABLE = YES;
				IPHONEOS_DEPLOYMENT_TARGET = 9.3;
				MTL_ENABLE_DEBUG_INFO = YES;
				ONLY_ACTIVE_ARCH = YES;
				SDKROOT = iphoneos;
				SWIFT_OPTIMIZATION_LEVEL = "-Onone";
			};
			name = Debug;
		};
		90E7F0ED1D9B9FEE001C9865 /* Release */ = {
			isa = XCBuildConfiguration;
			buildSettings = {
				ALWAYS_SEARCH_USER_PATHS = NO;
				CLANG_ANALYZER_NONNULL = YES;
				CLANG_CXX_LANGUAGE_STANDARD = "gnu++0x";
				CLANG_CXX_LIBRARY = "libc++";
				CLANG_ENABLE_MODULES = YES;
				CLANG_ENABLE_OBJC_ARC = YES;
				CLANG_WARN_BOOL_CONVERSION = YES;
				CLANG_WARN_CONSTANT_CONVERSION = YES;
				CLANG_WARN_DIRECT_OBJC_ISA_USAGE = YES_ERROR;
				CLANG_WARN_EMPTY_BODY = YES;
				CLANG_WARN_ENUM_CONVERSION = YES;
				CLANG_WARN_INT_CONVERSION = YES;
				CLANG_WARN_OBJC_ROOT_CLASS = YES_ERROR;
				CLANG_WARN_UNREACHABLE_CODE = YES;
				CLANG_WARN__DUPLICATE_METHOD_MATCH = YES;
				"CODE_SIGN_IDENTITY[sdk=iphoneos*]" = "iPhone Developer";
				COPY_PHASE_STRIP = NO;
				DEBUG_INFORMATION_FORMAT = "dwarf-with-dsym";
				ENABLE_NS_ASSERTIONS = NO;
				ENABLE_STRICT_OBJC_MSGSEND = YES;
				GCC_C_LANGUAGE_STANDARD = gnu99;
				GCC_NO_COMMON_BLOCKS = YES;
				GCC_WARN_64_TO_32_BIT_CONVERSION = YES;
				GCC_WARN_ABOUT_RETURN_TYPE = YES_ERROR;
				GCC_WARN_UNDECLARED_SELECTOR = YES;
				GCC_WARN_UNINITIALIZED_AUTOS = YES_AGGRESSIVE;
				GCC_WARN_UNUSED_FUNCTION = YES;
				GCC_WARN_UNUSED_VARIABLE = YES;
				IPHONEOS_DEPLOYMENT_TARGET = 9.3;
				MTL_ENABLE_DEBUG_INFO = NO;
				SDKROOT = iphoneos;
				VALIDATE_PRODUCT = YES;
			};
			name = Release;
		};
		90E7F0EF1D9B9FEE001C9865 /* Debug */ = {
			isa = XCBuildConfiguration;
			buildSettings = {
				ASSETCATALOG_COMPILER_APPICON_NAME = AppIcon;
				INFOPLIST_FILE = PitchPerfect/Info.plist;
				IPHONEOS_DEPLOYMENT_TARGET = 9.2;
				LD_RUNPATH_SEARCH_PATHS = "$(inherited) @executable_path/Frameworks";
				PRODUCT_BUNDLE_IDENTIFIER = edu.nwmissouri.PitchPerfect;
				PRODUCT_NAME = "$(TARGET_NAME)";
			};
			name = Debug;
		};
		90E7F0F01D9B9FEE001C9865 /* Release */ = {
			isa = XCBuildConfiguration;
			buildSettings = {
				ASSETCATALOG_COMPILER_APPICON_NAME = AppIcon;
				INFOPLIST_FILE = PitchPerfect/Info.plist;
				IPHONEOS_DEPLOYMENT_TARGET = 9.2;
				LD_RUNPATH_SEARCH_PATHS = "$(inherited) @executable_path/Frameworks";
				PRODUCT_BUNDLE_IDENTIFIER = edu.nwmissouri.PitchPerfect;
				PRODUCT_NAME = "$(TARGET_NAME)";
			};
			name = Release;
		};
		90E7F0F21D9B9FEE001C9865 /* Debug */ = {
			isa = XCBuildConfiguration;
			buildSettings = {
				BUNDLE_LOADER = "$(TEST_HOST)";
				INFOPLIST_FILE = PitchPerfectTests/Info.plist;
				LD_RUNPATH_SEARCH_PATHS = "$(inherited) @executable_path/Frameworks @loader_path/Frameworks";
				PRODUCT_BUNDLE_IDENTIFIER = edu.nwmissouri.PitchPerfectTests;
				PRODUCT_NAME = "$(TARGET_NAME)";
				TEST_HOST = "$(BUILT_PRODUCTS_DIR)/PitchPerfect.app/PitchPerfect";
			};
			name = Debug;
		};
		90E7F0F31D9B9FEE001C9865 /* Release */ = {
			isa = XCBuildConfiguration;
			buildSettings = {
				BUNDLE_LOADER = "$(TEST_HOST)";
				INFOPLIST_FILE = PitchPerfectTests/Info.plist;
				LD_RUNPATH_SEARCH_PATHS = "$(inherited) @executable_path/Frameworks @loader_path/Frameworks";
				PRODUCT_BUNDLE_IDENTIFIER = edu.nwmissouri.PitchPerfectTests;
				PRODUCT_NAME = "$(TARGET_NAME)";
				TEST_HOST = "$(BUILT_PRODUCTS_DIR)/PitchPerfect.app/PitchPerfect";
			};
			name = Release;
		};
		90E7F0F51D9B9FEE001C9865 /* Debug */ = {
			isa = XCBuildConfiguration;
			buildSettings = {
				INFOPLIST_FILE = PitchPerfectUITests/Info.plist;
				LD_RUNPATH_SEARCH_PATHS = "$(inherited) @executable_path/Frameworks @loader_path/Frameworks";
				PRODUCT_BUNDLE_IDENTIFIER = edu.nwmissouri.PitchPerfectUITests;
				PRODUCT_NAME = "$(TARGET_NAME)";
				TEST_TARGET_NAME = PitchPerfect;
			};
			name = Debug;
		};
		90E7F0F61D9B9FEE001C9865 /* Release */ = {
			isa = XCBuildConfiguration;
			buildSettings = {
				INFOPLIST_FILE = PitchPerfectUITests/Info.plist;
				LD_RUNPATH_SEARCH_PATHS = "$(inherited) @executable_path/Frameworks @loader_path/Frameworks";
				PRODUCT_BUNDLE_IDENTIFIER = edu.nwmissouri.PitchPerfectUITests;
				PRODUCT_NAME = "$(TARGET_NAME)";
				TEST_TARGET_NAME = PitchPerfect;
			};
			name = Release;
		};
/* End XCBuildConfiguration section */

/* Begin XCConfigurationList section */
		90E7F0BE1D9B9FEE001C9865 /* Build configuration list for PBXProject "PitchPerfect" */ = {
			isa = XCConfigurationList;
			buildConfigurations = (
				90E7F0EC1D9B9FEE001C9865 /* Debug */,
				90E7F0ED1D9B9FEE001C9865 /* Release */,
			);
			defaultConfigurationIsVisible = 0;
			defaultConfigurationName = Release;
		};
		90E7F0EE1D9B9FEE001C9865 /* Build configuration list for PBXNativeTarget "PitchPerfect" */ = {
			isa = XCConfigurationList;
			buildConfigurations = (
				90E7F0EF1D9B9FEE001C9865 /* Debug */,
				90E7F0F01D9B9FEE001C9865 /* Release */,
			);
			defaultConfigurationIsVisible = 0;
		};
		90E7F0F11D9B9FEE001C9865 /* Build configuration list for PBXNativeTarget "PitchPerfectTests" */ = {
			isa = XCConfigurationList;
			buildConfigurations = (
				90E7F0F21D9B9FEE001C9865 /* Debug */,
				90E7F0F31D9B9FEE001C9865 /* Release */,
			);
			defaultConfigurationIsVisible = 0;
		};
		90E7F0F41D9B9FEE001C9865 /* Build configuration list for PBXNativeTarget "PitchPerfectUITests" */ = {
			isa = XCConfigurationList;
			buildConfigurations = (
				90E7F0F51D9B9FEE001C9865 /* Debug */,
				90E7F0F61D9B9FEE001C9865 /* Release */,
			);
			defaultConfigurationIsVisible = 0;
		};
/* End XCConfigurationList section */

/* Begin XCVersionGroup section */
		90E7F0CD1D9B9FEE001C9865 /* PitchPerfect.xcdatamodeld */ = {
			isa = XCVersionGroup;
			children = (
				90E7F0CE1D9B9FEE001C9865 /* PitchPerfect.xcdatamodel */,
			);
			currentVersion = 90E7F0CE1D9B9FEE001C9865 /* PitchPerfect.xcdatamodel */;
			path = PitchPerfect.xcdatamodeld;
			sourceTree = "<group>";
			versionGroupType = wrapper.xcdatamodel;
		};
/* End XCVersionGroup section */
	};
	rootObject = 90E7F0BB1D9B9FEE001C9865 /* Project object */;
}
